PODS:
  - TwitterCore (3.0.1)
  - TwitterKit (3.1.1):
    - TwitterCore (>= 3.0.1)

DEPENDENCIES:
  - TwitterKit (~> 3.1)

SPEC CHECKSUMS:
  TwitterCore: 6856288a1c25e5281363250681f33b42fce1da42
  TwitterKit: 313bf02baee8427f7649b3640169178e5a8b5a99

PODFILE CHECKSUM: 43fca32736f8ba208dd6e42905020987b09df7c0

COCOAPODS: 1.3.1
